<?xml version="1.0" encoding="utf-8"?>
<Project ToolsVersion="4.0" xmlns="http://schemas.microsoft.com/developer/msbuild/2003">
  <ItemGroup>
    <Filter Include="Pliki źródłowe">
      <UniqueIdentifier>{4FC737F1-C7A5-4376-A066-2A32D752A2FF}</UniqueIdentifier>
      <Extensions>cpp;c;cc;cxx;c++;cppm;ixx;def;odl;idl;hpj;bat;asm;asmx</Extensions>
    </Filter>
    <Filter Include="Pliki nagłówkowe">
      <UniqueIdentifier>{93995380-89BD-4b04-88EB-625FBE52EBFB}</UniqueIdentifier>
      <Extensions>h;hh;hpp;hxx;h++;hm;inl;inc;ipp;xsd</Extensions>
    </Filter>
    <Filter Include="Pliki zasobów">
      <UniqueIdentifier>{67DA6AB6-F800-4c08-8B7A-83BB121AAD01}</UniqueIdentifier>
      <Extensions>rc;ico;cur;bmp;dlg;rc2;rct;bin;rgs;gif;jpg;jpeg;jpe;resx;tiff;tif;png;wav;mfcribbon-ms</Extensions>
    </Filter>
    <Filter Include="Pliki nagłówkowe\UserScripts">
      <UniqueIdentifier>{74f18c1b-fd81-44bf-b0b0-60976c562e5a}</UniqueIdentifier>
    </Filter>
    <Filter Include="Pliki nagłówkowe\Cameras">
      <UniqueIdentifier>{4ec6463d-b9bc-495d-af01-e867ee0260f5}</UniqueIdentifier>
    </Filter>
    <Filter Include="Pliki źródłowe\Cameras">
      <UniqueIdentifier>{07b566a6-74d2-4e4c-abd7-538854a1423c}</UniqueIdentifier>
    </Filter>
    <Filter Include="Pliki nagłówkowe\FBX">
      <UniqueIdentifier>{f9c6dd00-e40d-4db3-8a56-c274c37686ce}</UniqueIdentifier>
    </Filter>
    <Filter Include="Pliki źródłowe\FBX">
      <UniqueIdentifier>{69f0484c-356b-4985-b616-8e1eab74ed16}</UniqueIdentifier>
    </Filter>
    <Filter Include="Libraries">
      <UniqueIdentifier>{5e26d343-6c9c-451f-839a-90478ac5e327}</UniqueIdentifier>
    </Filter>
    <Filter Include="Libraries\ImGui">
      <UniqueIdentifier>{dc1b974a-55b6-4a2c-a185-d0e4b9f52dbc}</UniqueIdentifier>
    </Filter>
    <Filter Include="Libraries\zlib">
      <UniqueIdentifier>{f7418357-9652-4d8f-a747-cddc1bf70e7d}</UniqueIdentifier>
    </Filter>
    <Filter Include="Pliki zasobów\Engine">
      <UniqueIdentifier>{527735a1-c0b4-4221-b311-3a7bfb5c816a}</UniqueIdentifier>
    </Filter>
    <Filter Include="Pliki źródłowe\UserScripts">
      <UniqueIdentifier>{3eba1525-ea2f-4498-9399-b2c35511e0e3}</UniqueIdentifier>
    </Filter>
  </ItemGroup>
  <ItemGroup>
    <ClCompile Include="main.cpp">
      <Filter>Pliki źródłowe</Filter>
    </ClCompile>
    <ClCompile Include="Util.cpp">
      <Filter>Pliki źródłowe</Filter>
    </ClCompile>
    <ClCompile Include="Shader.cpp">
      <Filter>Pliki źródłowe</Filter>
    </ClCompile>
    <ClCompile Include="GameObject.cpp">
      <Filter>Pliki źródłowe</Filter>
    </ClCompile>
    <ClCompile Include="Debug.cpp">
      <Filter>Pliki źródłowe</Filter>
    </ClCompile>
    <ClCompile Include="Vector.cpp">
      <Filter>Pliki źródłowe</Filter>
    </ClCompile>
    <ClCompile Include="Input.cpp">
      <Filter>Pliki źródłowe</Filter>
    </ClCompile>
    <ClCompile Include="Camera.cpp">
      <Filter>Pliki źródłowe</Filter>
    </ClCompile>
    <ClCompile Include="Time.cpp">
      <Filter>Pliki źródłowe</Filter>
    </ClCompile>
    <ClCompile Include="Window.cpp">
      <Filter>Pliki źródłowe</Filter>
    </ClCompile>
    <ClCompile Include="FlybackCamera.cpp">
      <Filter>Pliki źródłowe\Cameras</Filter>
    </ClCompile>
    <ClCompile Include="MeshRenderer.cpp">
      <Filter>Pliki źródłowe</Filter>
    </ClCompile>
    <ClCompile Include="Mesh.cpp">
      <Filter>Pliki źródłowe</Filter>
    </ClCompile>
    <ClCompile Include="Material.cpp">
      <Filter>Pliki źródłowe</Filter>
    </ClCompile>
    <ClCompile Include="FBX\fbxdocument.cpp">
      <Filter>Pliki źródłowe\FBX</Filter>
    </ClCompile>
    <ClCompile Include="FBX\fbxdump.cpp">
      <Filter>Pliki źródłowe\FBX</Filter>
    </ClCompile>
    <ClCompile Include="FBX\fbxnode.cpp">
      <Filter>Pliki źródłowe\FBX</Filter>
    </ClCompile>
    <ClCompile Include="FBX\fbxproperty.cpp">
      <Filter>Pliki źródłowe\FBX</Filter>
    </ClCompile>
    <ClCompile Include="FBX\fbxutil.cpp">
      <Filter>Pliki źródłowe\FBX</Filter>
    </ClCompile>
    <ClCompile Include="Model.cpp">
      <Filter>Pliki źródłowe</Filter>
    </ClCompile>
    <ClCompile Include="Color.cpp">
      <Filter>Pliki źródłowe</Filter>
    </ClCompile>
    <ClCompile Include="Light.cpp">
      <Filter>Pliki źródłowe</Filter>
    </ClCompile>
    <ClCompile Include="Cube.cpp">
      <Filter>Pliki źródłowe</Filter>
    </ClCompile>
    <ClCompile Include="Texture.cpp">
      <Filter>Pliki źródłowe</Filter>
    </ClCompile>
    <ClCompile Include="AssetsLoader.cpp">
      <Filter>Pliki źródłowe</Filter>
    </ClCompile>
    <ClCompile Include="Asset.cpp">
      <Filter>Pliki źródłowe</Filter>
    </ClCompile>
    <ClCompile Include="Path.cpp">
      <Filter>Pliki źródłowe</Filter>
    </ClCompile>
    <ClCompile Include="Sky.cpp">
      <Filter>Pliki źródłowe</Filter>
    </ClCompile>
    <ClCompile Include="Quaternion.cpp">
      <Filter>Pliki źródłowe</Filter>
    </ClCompile>
    <ClCompile Include="..\..\..\..\Documents\LIB\CPP\OpenGL\src\glad.c">
      <Filter>Pliki źródłowe</Filter>
    </ClCompile>
    <ClCompile Include="lib\ImGui\imgui_demo.cpp">
      <Filter>Libraries\ImGui</Filter>
    </ClCompile>
    <ClCompile Include="lib\ImGui\imgui_draw.cpp">
      <Filter>Libraries\ImGui</Filter>
    </ClCompile>
    <ClCompile Include="lib\ImGui\imgui_tables.cpp">
      <Filter>Libraries\ImGui</Filter>
    </ClCompile>
    <ClCompile Include="lib\ImGui\imgui_widgets.cpp">
      <Filter>Libraries\ImGui</Filter>
    </ClCompile>
    <ClCompile Include="lib\ImGui\backends\imgui_impl_glfw.cpp">
      <Filter>Libraries\ImGui</Filter>
    </ClCompile>
    <ClCompile Include="lib\ImGui\backends\imgui_impl_opengl3.cpp">
      <Filter>Libraries\ImGui</Filter>
    </ClCompile>
    <ClCompile Include="lib\ImGui\misc\cpp\imgui_stdlib.cpp">
      <Filter>Libraries\ImGui</Filter>
    </ClCompile>
    <ClCompile Include="lib\ImGui\imgui.cpp">
      <Filter>Libraries\ImGui</Filter>
    </ClCompile>
    <ClCompile Include="zlib\miniz.cpp">
      <Filter>Libraries\zlib</Filter>
    </ClCompile>
    <ClCompile Include="SystemInfo.cpp">
      <Filter>Pliki źródłowe</Filter>
    </ClCompile>
    <ClCompile Include="PlaneMesh.cpp">
      <Filter>Pliki źródłowe</Filter>
    </ClCompile>
    <ClCompile Include="Framebuffer.cpp">
      <Filter>Pliki źródłowe</Filter>
    </ClCompile>
    <ClCompile Include="EngineUtil.cpp">
      <Filter>Pliki źródłowe</Filter>
    </ClCompile>
    <ClCompile Include="ShadowMap.cpp">
      <Filter>Pliki źródłowe</Filter>
    </ClCompile>
    <ClCompile Include="DirecitonalLight.cpp">
      <Filter>Pliki źródłowe</Filter>
    </ClCompile>
    <ClCompile Include="PointLight.cpp">
      <Filter>Pliki źródłowe</Filter>
    </ClCompile>
    <ClCompile Include="UserScript.cpp">
      <Filter>Pliki źródłowe\UserScripts</Filter>
    </ClCompile>
  </ItemGroup>
  <ItemGroup>
    <None Include="packages.config" />
    <None Include="GameObject.tpp">
      <Filter>Pliki źródłowe</Filter>
    </None>
    <None Include="Assets\Shaders\FragmentShader.frag">
      <Filter>Pliki zasobów</Filter>
    </None>
    <None Include="Assets\Shaders\VertexShader.vert">
      <Filter>Pliki zasobów</Filter>
    </None>
    <None Include="Assets\Shaders\FragmentLightShader.frag">
      <Filter>Pliki zasobów</Filter>
    </None>
    <None Include="Assets\Shaders\VertexLightShader.vert">
      <Filter>Pliki zasobów</Filter>
    </None>
    <None Include="Assets\Shaders\SkyShader.frag">
      <Filter>Pliki zasobów</Filter>
    </None>
    <None Include="Assets\Shaders\SkyShader.vert">
      <Filter>Pliki zasobów</Filter>
    </None>
    <None Include="atmosphere.glsl">
      <Filter>Pliki zasobów</Filter>
    </None>
    <None Include="Assets\Shaders\SkyShader2.frag">
      <Filter>Pliki zasobów</Filter>
    </None>
    <None Include="Assets\Shaders\SkyShader2.vert">
      <Filter>Pliki zasobów</Filter>
    </None>
    <None Include="Assets\Shaders\ShadowMapVertexShader.vert">
      <Filter>Pliki zasobów\Engine</Filter>
    </None>
    <None Include="Assets\Shaders\ShadowMapFragmentShader.frag">
      <Filter>Pliki zasobów\Engine</Filter>
    </None>
    <None Include="Assets\Shaders\DepthMapShader.frag">
      <Filter>Pliki zasobów</Filter>
    </None>
    <None Include="Assets\Shaders\DepthMapShader.vert">
      <Filter>Pliki zasobów</Filter>
    </None>
  </ItemGroup>
  <ItemGroup>
    <ClInclude Include="Util.h">
      <Filter>Pliki nagłówkowe</Filter>
    </ClInclude>
    <ClInclude Include="Shader.h">
      <Filter>Pliki nagłówkowe</Filter>
    </ClInclude>
    <ClInclude Include="Camera.h">
      <Filter>Pliki nagłówkowe</Filter>
    </ClInclude>
    <ClInclude Include="Cube.h">
      <Filter>Pliki nagłówkowe</Filter>
    </ClInclude>
    <ClInclude Include="UserScript.h">
      <Filter>Pliki nagłówkowe\UserScripts</Filter>
    </ClInclude>
    <ClInclude Include="GameObject.h">
      <Filter>Pliki nagłówkowe</Filter>
    </ClInclude>
    <ClInclude Include="Mesh.h">
      <Filter>Pliki nagłówkowe</Filter>
    </ClInclude>
    <ClInclude Include="Time.h">
      <Filter>Pliki nagłówkowe</Filter>
    </ClInclude>
    <ClInclude Include="Debug.h">
      <Filter>Pliki nagłówkowe</Filter>
    </ClInclude>
    <ClInclude Include="Vector.h">
      <Filter>Pliki nagłówkowe</Filter>
    </ClInclude>
    <ClInclude Include="Input.h">
      <Filter>Pliki nagłówkowe</Filter>
    </ClInclude>
    <ClInclude Include="Light.h">
      <Filter>Pliki nagłówkowe</Filter>
    </ClInclude>
    <ClInclude Include="Window.h">
      <Filter>Pliki nagłówkowe</Filter>
    </ClInclude>
    <ClInclude Include="FlybackCamera.h">
      <Filter>Pliki nagłówkowe\Cameras</Filter>
    </ClInclude>
    <ClInclude Include="MeshRenderer.h">
      <Filter>Pliki nagłówkowe</Filter>
    </ClInclude>
    <ClInclude Include="OBJLoader.h">
      <Filter>Pliki nagłówkowe</Filter>
    </ClInclude>
    <ClInclude Include="Material.h">
      <Filter>Pliki nagłówkowe</Filter>
    </ClInclude>
    <ClInclude Include="FBX\fbxdocument.h">
      <Filter>Pliki nagłówkowe\FBX</Filter>
    </ClInclude>
    <ClInclude Include="FBX\fbxnode.h">
      <Filter>Pliki nagłówkowe\FBX</Filter>
    </ClInclude>
    <ClInclude Include="FBX\fbxproperty.h">
      <Filter>Pliki nagłówkowe\FBX</Filter>
    </ClInclude>
    <ClInclude Include="FBX\fbxutil.h">
      <Filter>Pliki nagłówkowe\FBX</Filter>
    </ClInclude>
    <ClInclude Include="Model.h">
      <Filter>Pliki nagłówkowe</Filter>
    </ClInclude>
    <ClInclude Include="Color.h">
      <Filter>Pliki nagłówkowe</Filter>
    </ClInclude>
    <ClInclude Include="Texture.h">
      <Filter>Pliki nagłówkowe</Filter>
    </ClInclude>
    <ClInclude Include="AssetsLoader.h">
      <Filter>Pliki nagłówkowe</Filter>
    </ClInclude>
    <ClInclude Include="Path.h">
      <Filter>Pliki nagłówkowe</Filter>
    </ClInclude>
    <ClInclude Include="Asset_b.h">
      <Filter>Pliki nagłówkowe</Filter>
    </ClInclude>
    <ClInclude Include="Asset.h">
      <Filter>Pliki nagłówkowe</Filter>
    </ClInclude>
    <ClInclude Include="Sky.h">
      <Filter>Pliki nagłówkowe</Filter>
    </ClInclude>
    <ClInclude Include="Quaternion.h">
      <Filter>Pliki nagłówkowe</Filter>
    </ClInclude>
    <ClInclude Include="..\..\..\..\Documents\LIB\CPP\OpenGL\include\glad\glad.h">
      <Filter>Pliki nagłówkowe</Filter>
    </ClInclude>
    <ClInclude Include="lib\ImGui\imgui.h">
      <Filter>Libraries\ImGui</Filter>
    </ClInclude>
    <ClInclude Include="lib\ImGui\imgui_internal.h">
      <Filter>Libraries\ImGui</Filter>
    </ClInclude>
    <ClInclude Include="lib\ImGui\imstb_rectpack.h">
      <Filter>Libraries\ImGui</Filter>
    </ClInclude>
    <ClInclude Include="lib\ImGui\imstb_textedit.h">
      <Filter>Libraries\ImGui</Filter>
    </ClInclude>
    <ClInclude Include="lib\ImGui\imstb_truetype.h">
      <Filter>Libraries\ImGui</Filter>
    </ClInclude>
    <ClInclude Include="lib\ImGui\backends\imgui_impl_glfw.h">
      <Filter>Libraries\ImGui</Filter>
    </ClInclude>
    <ClInclude Include="lib\ImGui\backends\imgui_impl_opengl3.h">
      <Filter>Libraries\ImGui</Filter>
    </ClInclude>
    <ClInclude Include="lib\ImGui\backends\imgui_impl_opengl3_loader.h">
      <Filter>Libraries\ImGui</Filter>
    </ClInclude>
    <ClInclude Include="lib\ImGui\misc\cpp\imgui_stdlib.h">
      <Filter>Libraries\ImGui</Filter>
    </ClInclude>
    <ClInclude Include="lib\ImGui\misc\single_file\imgui_single_file.h">
      <Filter>Libraries\ImGui</Filter>
    </ClInclude>
    <ClInclude Include="lib\ImGui\imconfig.h">
      <Filter>Libraries\ImGui</Filter>
    </ClInclude>
    <ClInclude Include="zlib\miniz.h">
      <Filter>Libraries\zlib</Filter>
    </ClInclude>
    <ClInclude Include="SystemInfo.h">
      <Filter>Pliki nagłówkowe</Filter>
    </ClInclude>
    <ClInclude Include="PlaneMesh.h">
      <Filter>Pliki nagłówkowe</Filter>
    </ClInclude>
    <ClInclude Include="Framebuffer.h">
      <Filter>Pliki nagłówkowe</Filter>
    </ClInclude>
    <ClInclude Include="EngineUtil.h">
      <Filter>Pliki nagłówkowe</Filter>
    </ClInclude>
    <ClInclude Include="ShadowMap.h">
      <Filter>Pliki nagłówkowe</Filter>
    </ClInclude>
    <ClInclude Include="DirecitonalLight.h">
      <Filter>Pliki nagłówkowe</Filter>
    </ClInclude>
    <ClInclude Include="PointLight.h">
      <Filter>Pliki nagłówkowe</Filter>
    </ClInclude>
  </ItemGroup>
</Project>